{
	"name": "screenshot-test-comparison",
	"version": "1.0.0",
	"lockfileVersion": 2,
	"requires": true,
	"packages": {
		"": {
			"name": "screenshot-test-comparison",
			"version": "1.0.0",
			"license": "AGPL-3.0-or-later",
			"dependencies": {
				"pixelmatch": "^5.3.0",
				"pngjs": "^6.0.0"
			}
		},
		"node_modules/pixelmatch": {
			"version": "5.3.0",
			"resolved": "https://registry.npmjs.org/pixelmatch/-/pixelmatch-5.3.0.tgz",
			"integrity": "sha512-o8mkY4E/+LNUf6LzX96ht6k6CEDi65k9G2rjMtBe9Oo+VPKSvl+0GKHuH/AlG+GA5LPG/i5hrekkxUc3s2HU+Q==",
			"dependencies": {
				"pngjs": "^6.0.0"
			},
			"bin": {
				"pixelmatch": "bin/pixelmatch"
			}
		},
		"node_modules/pngjs": {
			"version": "6.0.0",
			"resolved": "https://registry.npmjs.org/pngjs/-/pngjs-6.0.0.tgz",
			"integrity": "sha512-TRzzuFRRmEoSW/p1KVAmiOgPco2Irlah+bGFCeNfJXxxYGwSw7YwAOAcd7X28K/m5bjBWKsC29KyoMfHbypayg==",
			"engines": {
				"node": ">=12.13.0"
			}
		}
	},
	"dependencies": {
		"pixelmatch": {
			"version": "5.3.0",
			"resolved": "https://registry.npmjs.org/pixelmatch/-/pixelmatch-5.3.0.tgz",
			"integrity": "sha512-o8mkY4E/+LNUf6LzX96ht6k6CEDi65k9G2rjMtBe9Oo+VPKSvl+0GKHuH/AlG+GA5LPG/i5hrekkxUc3s2HU+Q==",
			"requires": {
				"pngjs": "^6.0.0"
			}
		},
		"pngjs": {
			"version": "6.0.0",
			"resolved": "https://registry.npmjs.org/pngjs/-/pngjs-6.0.0.tgz",
			"integrity": "sha512-TRzzuFRRmEoSW/p1KVAmiOgPco2Irlah+bGFCeNfJXxxYGwSw7YwAOAcd7X28K/m5bjBWKsC29KyoMfHbypayg=="
		}
	}
}
