{
  "lockfileVersion": 1,
  "workspaces": {
    "": {
      "devDependencies": {
        "@biomejs/biome": "^2.1.1",
        "prettier": "^3.6.2",
      },
    },
  },
  "packages": {
    "@biomejs/biome": ["@biomejs/biome@2.1.1", "", { "optionalDependencies": { "@biomejs/cli-darwin-arm64": "2.1.1", "@biomejs/cli-darwin-x64": "2.1.1", "@biomejs/cli-linux-arm64": "2.1.1", "@biomejs/cli-linux-arm64-musl": "2.1.1", "@biomejs/cli-linux-x64": "2.1.1", "@biomejs/cli-linux-x64-musl": "2.1.1", "@biomejs/cli-win32-arm64": "2.1.1", "@biomejs/cli-win32-x64": "2.1.1" }, "bin": { "biome": "bin/biome" } }, "sha512-HFGYkxG714KzG+8tvtXCJ1t1qXQMzgWzfvQaUjxN6UeKv+KvMEuliInnbZLJm6DXFXwqVi6446EGI0sGBLIYng=="],

    "@biomejs/cli-darwin-arm64": ["@biomejs/cli-darwin-arm64@2.1.1", "", { "os": "darwin", "cpu": "arm64" }, "sha512-2Muinu5ok4tWxq4nu5l19el48cwCY/vzvI7Vjbkf3CYIQkjxZLyj0Ad37Jv2OtlXYaLvv+Sfu1hFeXt/JwRRXQ=="],

    "@biomejs/cli-darwin-x64": ["@biomejs/cli-darwin-x64@2.1.1", "", { "os": "darwin", "cpu": "x64" }, "sha512-cC8HM5lrgKQXLAK+6Iz2FrYW5A62pAAX6KAnRlEyLb+Q3+Kr6ur/sSuoIacqlp1yvmjHJqjYfZjPvHWnqxoEIA=="],

    "@biomejs/cli-linux-arm64": ["@biomejs/cli-linux-arm64@2.1.1", "", { "os": "linux", "cpu": "arm64" }, "sha512-tw4BEbhAUkWPe4WBr6IX04DJo+2jz5qpPzpW/SWvqMjb9QuHY8+J0M23V8EPY/zWU4IG8Ui0XESapR1CB49Q7g=="],

    "@biomejs/cli-linux-arm64-musl": ["@biomejs/cli-linux-arm64-musl@2.1.1", "", { "os": "linux", "cpu": "arm64" }, "sha512-/7FBLnTswu4jgV9ttI3AMIdDGqVEPIZd8I5u2D4tfCoj8rl9dnjrEQbAIDlWhUXdyWlFSz8JypH3swU9h9P+2A=="],

    "@biomejs/cli-linux-x64": ["@biomejs/cli-linux-x64@2.1.1", "", { "os": "linux", "cpu": "x64" }, "sha512-3WJ1GKjU7NzZb6RTbwLB59v9cTIlzjbiFLDB0z4376TkDqoNYilJaC37IomCr/aXwuU8QKkrYoHrgpSq5ffJ4Q=="],

    "@biomejs/cli-linux-x64-musl": ["@biomejs/cli-linux-x64-musl@2.1.1", "", { "os": "linux", "cpu": "x64" }, "sha512-kUu+loNI3OCD2c12cUt7M5yaaSjDnGIksZwKnueubX6c/HWUyi/0mPbTBHR49Me3F0KKjWiKM+ZOjsmC+lUt9g=="],

    "@biomejs/cli-win32-arm64": ["@biomejs/cli-win32-arm64@2.1.1", "", { "os": "win32", "cpu": "arm64" }, "sha512-vEHK0v0oW+E6RUWLoxb2isI3rZo57OX9ZNyyGH701fZPj6Il0Rn1f5DMNyCmyflMwTnIQstEbs7n2BxYSqQx4Q=="],

    "@biomejs/cli-win32-x64": ["@biomejs/cli-win32-x64@2.1.1", "", { "os": "win32", "cpu": "x64" }, "sha512-i2PKdn70kY++KEF/zkQFvQfX1e8SkA8hq4BgC+yE9dZqyLzB/XStY2MvwI3qswlRgnGpgncgqe0QYKVS1blksg=="],

    "prettier": ["prettier@3.6.2", "", { "bin": { "prettier": "bin/prettier.cjs" } }, "sha512-I7AIg5boAr5R0FFtJ6rCfD+LFsWHp81dolrFD8S79U9tb8Az2nGrJncnMSnys+bpQJfRUzqs9hnA81OAA3hCuQ=="],
  }
}
