
Microsoft Visual Studio Solution File, Format Version 12.00
# Visual Studio Version 17
VisualStudioVersion = 17.9.34728.123
MinimumVisualStudioVersion = 10.0.40219.1
Project("{FAE04EC0-301F-11D3-BF4B-00C04F79EFBC}") = "Tgstation.PRAnnouncer", "Tgstation.PRAnnouncer.csproj", "{3BD2EB29-D776-4533-969D-B94564A69DCD}"
EndProject
Global
	GlobalSection(SolutionConfigurationPlatforms) = preSolution
		Debug|Any CPU = Debug|Any CPU
		Release|Any CPU = Release|Any CPU
	EndGlobalSection
	GlobalSection(ProjectConfigurationPlatforms) = postSolution
		{3BD2EB29-D776-4533-969D-B94564A69DCD}.Debug|Any CPU.ActiveCfg = Debug|Any CPU
		{3BD2EB29-D776-4533-969D-B94564A69DCD}.Debug|Any CPU.Build.0 = Debug|Any CPU
		{3BD2EB29-D776-4533-969D-B94564A69DCD}.Release|Any CPU.ActiveCfg = Release|Any CPU
		{3BD2EB29-D776-4533-969D-B94564A69DCD}.Release|Any CPU.Build.0 = Release|Any CPU
	EndGlobalSection
	GlobalSection(SolutionProperties) = preSolution
		HideSolutionNode = FALSE
	EndGlobalSection
	GlobalSection(ExtensibilityGlobals) = postSolution
		SolutionGuid = {899C600F-81CE-456E-9D76-58F8CD5CEACB}
	EndGlobalSection
EndGlobal
