
Microsoft Visual Studio Solution File, Format Version 12.00
# Visual Studio 15
VisualStudioVersion = 15.0.26430.15
MinimumVisualStudioVersion = 10.0.40219.1
Project("{FAE04EC0-301F-11D3-BF4B-00C04F79EFBC}") = "TGIssueReporter", "TGIssueReporter.csproj", "{003AD3D7-969B-49BC-967F-CB1C12173326}"
EndProject
Global
	GlobalSection(SolutionConfigurationPlatforms) = preSolution
		Debug|x86 = Debug|x86
		Release|x86 = Release|x86
	EndGlobalSection
	GlobalSection(ProjectConfigurationPlatforms) = postSolution
		{003AD3D7-969B-49BC-967F-CB1C12173326}.Debug|x86.ActiveCfg = Debug|x86
		{003AD3D7-969B-49BC-967F-CB1C12173326}.Debug|x86.Build.0 = Debug|x86
		{003AD3D7-969B-49BC-967F-CB1C12173326}.Release|x86.ActiveCfg = Release|x86
		{003AD3D7-969B-49BC-967F-CB1C12173326}.Release|x86.Build.0 = Release|x86
	EndGlobalSection
	GlobalSection(SolutionProperties) = preSolution
		HideSolutionNode = FALSE
	EndGlobalSection
EndGlobal
