
Microsoft Visual Studio Solution File, Format Version 12.00
# Visual Studio 15
VisualStudioVersion = 15.0.26403.7
MinimumVisualStudioVersion = 10.0.40219.1
Project("{FAE04EC0-301F-11D3-BF4B-00C04F79EFBC}") = "TGServerService", "TGServerService\TGServerService.csproj", "{F32EDA25-0855-411C-AF5E-F0D042917E2D}"
EndProject
Project("{FAE04EC0-301F-11D3-BF4B-00C04F79EFBC}") = "TGControlPanel", "TGControlPanel\TGControlPanel.csproj", "{394E7643-6B8C-416F-AB18-95AC12648CDC}"
EndProject
Project("{FAE04EC0-301F-11D3-BF4B-00C04F79EFBC}") = "TGCommandLine", "TGCommandLine\TGCommandLine.csproj", "{89191F69-B18E-4B59-B72E-E12F9B6811A0}"
EndProject
Project("{FAE04EC0-301F-11D3-BF4B-00C04F79EFBC}") = "TGServiceInterface", "TGServiceInterface\TGServiceInterface.csproj", "{AC4E7E8B-F83A-481C-A8B0-8FA4E8AE59AB}"
EndProject
Project("{930C7802-8A8C-48F9-8165-68863BCCD9DD}") = "TGServiceInstaller", "TGServiceInstaller\TGServiceInstaller.wixproj", "{154435F6-0890-42D4-9AEC-B743D4FBC1CB}"
EndProject
Global
	GlobalSection(SolutionConfigurationPlatforms) = preSolution
		Debug|Any CPU = Debug|Any CPU
		Debug|x86 = Debug|x86
		Release|Any CPU = Release|Any CPU
		Release|x86 = Release|x86
	EndGlobalSection
	GlobalSection(ProjectConfigurationPlatforms) = postSolution
		{F32EDA25-0855-411C-AF5E-F0D042917E2D}.Debug|Any CPU.ActiveCfg = Debug|Any CPU
		{F32EDA25-0855-411C-AF5E-F0D042917E2D}.Debug|Any CPU.Build.0 = Debug|Any CPU
		{F32EDA25-0855-411C-AF5E-F0D042917E2D}.Debug|x86.ActiveCfg = Debug|Any CPU
		{F32EDA25-0855-411C-AF5E-F0D042917E2D}.Debug|x86.Build.0 = Debug|Any CPU
		{F32EDA25-0855-411C-AF5E-F0D042917E2D}.Release|Any CPU.ActiveCfg = Release|Any CPU
		{F32EDA25-0855-411C-AF5E-F0D042917E2D}.Release|Any CPU.Build.0 = Release|Any CPU
		{F32EDA25-0855-411C-AF5E-F0D042917E2D}.Release|x86.ActiveCfg = Release|Any CPU
		{F32EDA25-0855-411C-AF5E-F0D042917E2D}.Release|x86.Build.0 = Release|Any CPU
		{394E7643-6B8C-416F-AB18-95AC12648CDC}.Debug|Any CPU.ActiveCfg = Debug|Any CPU
		{394E7643-6B8C-416F-AB18-95AC12648CDC}.Debug|Any CPU.Build.0 = Debug|Any CPU
		{394E7643-6B8C-416F-AB18-95AC12648CDC}.Debug|x86.ActiveCfg = Debug|Any CPU
		{394E7643-6B8C-416F-AB18-95AC12648CDC}.Debug|x86.Build.0 = Debug|Any CPU
		{394E7643-6B8C-416F-AB18-95AC12648CDC}.Release|Any CPU.ActiveCfg = Release|Any CPU
		{394E7643-6B8C-416F-AB18-95AC12648CDC}.Release|Any CPU.Build.0 = Release|Any CPU
		{394E7643-6B8C-416F-AB18-95AC12648CDC}.Release|x86.ActiveCfg = Release|Any CPU
		{394E7643-6B8C-416F-AB18-95AC12648CDC}.Release|x86.Build.0 = Release|Any CPU
		{89191F69-B18E-4B59-B72E-E12F9B6811A0}.Debug|Any CPU.ActiveCfg = Debug|Any CPU
		{89191F69-B18E-4B59-B72E-E12F9B6811A0}.Debug|Any CPU.Build.0 = Debug|Any CPU
		{89191F69-B18E-4B59-B72E-E12F9B6811A0}.Debug|x86.ActiveCfg = Debug|Any CPU
		{89191F69-B18E-4B59-B72E-E12F9B6811A0}.Debug|x86.Build.0 = Debug|Any CPU
		{89191F69-B18E-4B59-B72E-E12F9B6811A0}.Release|Any CPU.ActiveCfg = Release|Any CPU
		{89191F69-B18E-4B59-B72E-E12F9B6811A0}.Release|Any CPU.Build.0 = Release|Any CPU
		{89191F69-B18E-4B59-B72E-E12F9B6811A0}.Release|x86.ActiveCfg = Release|Any CPU
		{89191F69-B18E-4B59-B72E-E12F9B6811A0}.Release|x86.Build.0 = Release|Any CPU
		{AC4E7E8B-F83A-481C-A8B0-8FA4E8AE59AB}.Debug|Any CPU.ActiveCfg = Debug|Any CPU
		{AC4E7E8B-F83A-481C-A8B0-8FA4E8AE59AB}.Debug|Any CPU.Build.0 = Debug|Any CPU
		{AC4E7E8B-F83A-481C-A8B0-8FA4E8AE59AB}.Debug|x86.ActiveCfg = Debug|Any CPU
		{AC4E7E8B-F83A-481C-A8B0-8FA4E8AE59AB}.Debug|x86.Build.0 = Debug|Any CPU
		{AC4E7E8B-F83A-481C-A8B0-8FA4E8AE59AB}.Release|Any CPU.ActiveCfg = Release|Any CPU
		{AC4E7E8B-F83A-481C-A8B0-8FA4E8AE59AB}.Release|Any CPU.Build.0 = Release|Any CPU
		{AC4E7E8B-F83A-481C-A8B0-8FA4E8AE59AB}.Release|x86.ActiveCfg = Release|Any CPU
		{AC4E7E8B-F83A-481C-A8B0-8FA4E8AE59AB}.Release|x86.Build.0 = Release|Any CPU
		{154435F6-0890-42D4-9AEC-B743D4FBC1CB}.Debug|Any CPU.ActiveCfg = Debug|x86
		{154435F6-0890-42D4-9AEC-B743D4FBC1CB}.Debug|x86.ActiveCfg = Debug|x86
		{154435F6-0890-42D4-9AEC-B743D4FBC1CB}.Debug|x86.Build.0 = Debug|x86
		{154435F6-0890-42D4-9AEC-B743D4FBC1CB}.Release|Any CPU.ActiveCfg = Release|x86
		{154435F6-0890-42D4-9AEC-B743D4FBC1CB}.Release|Any CPU.Build.0 = Release|x86
		{154435F6-0890-42D4-9AEC-B743D4FBC1CB}.Release|x86.ActiveCfg = Release|x86
		{154435F6-0890-42D4-9AEC-B743D4FBC1CB}.Release|x86.Build.0 = Release|x86
	EndGlobalSection
	GlobalSection(SolutionProperties) = preSolution
		HideSolutionNode = FALSE
	EndGlobalSection
EndGlobal
