
Microsoft Visual Studio Solution File, Format Version 12.00
# Visual Studio Version 17
VisualStudioVersion = 17.4.33213.308
MinimumVisualStudioVersion = 10.0.40219.1
Project("{FAE04EC0-301F-11D3-BF4B-00C04F79EFBC}") = "Tgstation.TgsTest", "Tgstation.TgsTest.csproj", "{3146D745-AAE5-4205-8FF2-0CE471B47B4E}"
EndProject
Global
	GlobalSection(SolutionConfigurationPlatforms) = preSolution
		Debug|Any CPU = Debug|Any CPU
		Release|Any CPU = Release|Any CPU
	EndGlobalSection
	GlobalSection(ProjectConfigurationPlatforms) = postSolution
		{3146D745-AAE5-4205-8FF2-0CE471B47B4E}.Debug|Any CPU.ActiveCfg = Debug|Any CPU
		{3146D745-AAE5-4205-8FF2-0CE471B47B4E}.Debug|Any CPU.Build.0 = Debug|Any CPU
		{3146D745-AAE5-4205-8FF2-0CE471B47B4E}.Release|Any CPU.ActiveCfg = Release|Any CPU
		{3146D745-AAE5-4205-8FF2-0CE471B47B4E}.Release|Any CPU.Build.0 = Release|Any CPU
	EndGlobalSection
	GlobalSection(SolutionProperties) = preSolution
		HideSolutionNode = FALSE
	EndGlobalSection
	GlobalSection(ExtensibilityGlobals) = postSolution
		SolutionGuid = {001721B4-7740-419D-837E-26CE9DABCAB8}
	EndGlobalSection
EndGlobal
