{
	"name": "inferno",
	"version": "7.3.1",
	"lockfileVersion": 1,
	"requires": true,
	"dependencies": {
		"inferno-shared": {
			"version": "7.3.1",
			"resolved": "https://registry.npmjs.org/inferno-shared/-/inferno-shared-7.3.1.tgz",
			"integrity": "sha512-7I1ZJG+MFcGtlXjuyvkwFSGcT46Vs9NTzA0Sr1EkF9EMqVskVflP1r5f+quASMhby2OY7AGXnAaSsM7AbxsOlA=="
		},
		"inferno-vnode-flags": {
			"version": "7.3.1",
			"resolved": "https://registry.npmjs.org/inferno-vnode-flags/-/inferno-vnode-flags-7.3.1.tgz",
			"integrity": "sha512-7LKuUGfFVSiFdRH6NVLTetrDbft4BxUePUIjXm4f+g9hginYuBwPbFJbbHK700Ysy4rapTqYnFxSk0k5JBZr+A=="
		}
	}
}
